// !$*UTF8*$!
{
	archiveVersion = 1;
	classes = {
	};
	objectVersion = 51;
	objects = {

/* Begin PBXBuildFile section */
		5A070DBA240949E4008857E8 /* AppDelegate.swift in Sources */ = {isa = PBXBuildFile; fileRef = 5A070DB9240949E4008857E8 /* AppDelegate.swift */; };
		5A070DBC240949E4008857E8 /* SceneDelegate.swift in Sources */ = {isa = PBXBuildFile; fileRef = 5A070DBB240949E4008857E8 /* SceneDelegate.swift */; };
		5A070DBE240949E4008857E8 /* ViewController.swift in Sources */ = {isa = PBXBuildFile; fileRef = 5A070DBD240949E4008857E8 /* ViewController.swift */; };
		5A070DC1240949E4008857E8 /* Main.storyboard in Resources */ = {isa = PBXBuildFile; fileRef = 5A070DBF240949E4008857E8 /* Main.storyboard */; };
		5A070DC3240949E6008857E8 /* Assets.xcassets in Resources */ = {isa = PBXBuildFile; fileRef = 5A070DC2240949E6008857E8 /* Assets.xcassets */; };
		5A070DC6240949E6008857E8 /* LaunchScreen.storyboard in Resources */ = {isa = PBXBuildFile; fileRef = 5A070DC4240949E6008857E8 /* LaunchScreen.storyboard */; };
		88DA4CF724216B85009C7FFD /* TableViewCellLabelImage.swift in Sources */ = {isa = PBXBuildFile; fileRef = 88DA4CF624216B85009C7FFD /* TableViewCellLabelImage.swift */; };
		88DA4CF9242195C8009C7FFD /* Story.swift in Sources */ = {isa = PBXBuildFile; fileRef = 88DA4CF8242195C8009C7FFD /* Story.swift */; };
		9331623E24127A07002F6996 /* ListViewController.swift in Sources */ = {isa = PBXBuildFile; fileRef = 9331623D24127A07002F6996 /* ListViewController.swift */; };
		93D678BD240D9D5E00ACD63C /* GoogleService-Info.plist in Resources */ = {isa = PBXBuildFile; fileRef = 93D678BC240D9D5E00ACD63C /* GoogleService-Info.plist */; };
		93D678C4240DA66F00ACD63C /* CloudStorage.swift in Sources */ = {isa = PBXBuildFile; fileRef = 93D678C3240DA66F00ACD63C /* CloudStorage.swift */; };
		93D678C7240DA6B400ACD63C /* Note.swift in Sources */ = {isa = PBXBuildFile; fileRef = 93D678C6240DA6B400ACD63C /* Note.swift */; };
		BB1207162419209500C97C9D /* CameraHandler.swift in Sources */ = {isa = PBXBuildFile; fileRef = BB1207152419209500C97C9D /* CameraHandler.swift */; };
		CD8B6ABC214F1C9F938B241E /* Pods_FirebaseHelloWorld.framework in Frameworks */ = {isa = PBXBuildFile; fileRef = AFE9B68297CA80D4271DDCF8 /* Pods_FirebaseHelloWorld.framework */; };
/* End PBXBuildFile section */

/* Begin PBXFileReference section */
		0A6BCADB3C45C524BBAC9B1D /* Pods-FirebaseHelloWorld.debug.xcconfig */ = {isa = PBXFileReference; includeInIndex = 1; lastKnownFileType = text.xcconfig; name = "Pods-FirebaseHelloWorld.debug.xcconfig"; path = "Pods/Target Support Files/Pods-FirebaseHelloWorld/Pods-FirebaseHelloWorld.debug.xcconfig"; sourceTree = "<group>"; };
		2112692DC67A39D801BC61D1 /* Pods-FirebaseHelloWorld.release.xcconfig */ = {isa = PBXFileReference; includeInIndex = 1; lastKnownFileType = text.xcconfig; name = "Pods-FirebaseHelloWorld.release.xcconfig"; path = "Pods/Target Support Files/Pods-FirebaseHelloWorld/Pods-FirebaseHelloWorld.release.xcconfig"; sourceTree = "<group>"; };
		5A070DB6240949E3008857E8 /* FirebaseHelloWorld.app */ = {isa = PBXFileReference; explicitFileType = wrapper.application; includeInIndex = 0; path = FirebaseHelloWorld.app; sourceTree = BUILT_PRODUCTS_DIR; };
		5A070DB9240949E4008857E8 /* AppDelegate.swift */ = {isa = PBXFileReference; lastKnownFileType = sourcecode.swift; path = AppDelegate.swift; sourceTree = "<group>"; };
		5A070DBB240949E4008857E8 /* SceneDelegate.swift */ = {isa = PBXFileReference; lastKnownFileType = sourcecode.swift; path = SceneDelegate.swift; sourceTree = "<group>"; };
		5A070DBD240949E4008857E8 /* ViewController.swift */ = {isa = PBXFileReference; lastKnownFileType = sourcecode.swift; path = ViewController.swift; sourceTree = "<group>"; };
		5A070DC0240949E4008857E8 /* Base */ = {isa = PBXFileReference; lastKnownFileType = file.storyboard; name = Base; path = Base.lproj/Main.storyboard; sourceTree = "<group>"; };
		5A070DC2240949E6008857E8 /* Assets.xcassets */ = {isa = PBXFileReference; lastKnownFileType = folder.assetcatalog; path = Assets.xcassets; sourceTree = "<group>"; };
		5A070DC5240949E6008857E8 /* Base */ = {isa = PBXFileReference; lastKnownFileType = file.storyboard; name = Base; path = Base.lproj/LaunchScreen.storyboard; sourceTree = "<group>"; };
		5A070DC7240949E6008857E8 /* Info.plist */ = {isa = PBXFileReference; lastKnownFileType = text.plist.xml; path = Info.plist; sourceTree = "<group>"; };
		88DA4CF624216B85009C7FFD /* TableViewCellLabelImage.swift */ = {isa = PBXFileReference; lastKnownFileType = sourcecode.swift; path = TableViewCellLabelImage.swift; sourceTree = "<group>"; };
		88DA4CF8242195C8009C7FFD /* Story.swift */ = {isa = PBXFileReference; lastKnownFileType = sourcecode.swift; path = Story.swift; sourceTree = "<group>"; };
		9331623D24127A07002F6996 /* ListViewController.swift */ = {isa = PBXFileReference; lastKnownFileType = sourcecode.swift; path = ListViewController.swift; sourceTree = "<group>"; };
		93D678BC240D9D5E00ACD63C /* GoogleService-Info.plist */ = {isa = PBXFileReference; fileEncoding = 4; lastKnownFileType = text.plist.xml; path = "GoogleService-Info.plist"; sourceTree = "<group>"; };
		93D678C3240DA66F00ACD63C /* CloudStorage.swift */ = {isa = PBXFileReference; lastKnownFileType = sourcecode.swift; path = CloudStorage.swift; sourceTree = "<group>"; };
		93D678C6240DA6B400ACD63C /* Note.swift */ = {isa = PBXFileReference; lastKnownFileType = sourcecode.swift; path = Note.swift; sourceTree = "<group>"; };
		AFE9B68297CA80D4271DDCF8 /* Pods_FirebaseHelloWorld.framework */ = {isa = PBXFileReference; explicitFileType = wrapper.framework; includeInIndex = 0; path = Pods_FirebaseHelloWorld.framework; sourceTree = BUILT_PRODUCTS_DIR; };
		BB1207152419209500C97C9D /* CameraHandler.swift */ = {isa = PBXFileReference; lastKnownFileType = sourcecode.swift; path = CameraHandler.swift; sourceTree = "<group>"; };
/* End PBXFileReference section */

/* Begin PBXFrameworksBuildPhase section */
		5A070DB3240949E3008857E8 /* Frameworks */ = {
			isa = PBXFrameworksBuildPhase;
			buildActionMask = 2147483647;
			files = (
				CD8B6ABC214F1C9F938B241E /* Pods_FirebaseHelloWorld.framework in Frameworks */,
			);
			runOnlyForDeploymentPostprocessing = 0;
		};
/* End PBXFrameworksBuildPhase section */

/* Begin PBXGroup section */
		51C402B00A441881E6830C51 /* Frameworks */ = {
			isa = PBXGroup;
			children = (
				AFE9B68297CA80D4271DDCF8 /* Pods_FirebaseHelloWorld.framework */,
			);
			name = Frameworks;
			sourceTree = "<group>";
		};
		5A070DAD240949E3008857E8 = {
			isa = PBXGroup;
			children = (
				5A070DB8240949E4008857E8 /* FirebaseHelloWorld */,
				5A070DB7240949E3008857E8 /* Products */,
				B26ED80C58E38939600C1969 /* Pods */,
				51C402B00A441881E6830C51 /* Frameworks */,
			);
			sourceTree = "<group>";
		};
		5A070DB7240949E3008857E8 /* Products */ = {
			isa = PBXGroup;
			children = (
				5A070DB6240949E3008857E8 /* FirebaseHelloWorld.app */,
			);
			name = Products;
			sourceTree = "<group>";
		};
		5A070DB8240949E4008857E8 /* FirebaseHelloWorld */ = {
			isa = PBXGroup;
			children = (
				93D678C5240DA69900ACD63C /* model */,
				93D678C2240DA64100ACD63C /* storage */,
				5A070DB9240949E4008857E8 /* AppDelegate.swift */,
				5A070DBB240949E4008857E8 /* SceneDelegate.swift */,
				BB1207152419209500C97C9D /* CameraHandler.swift */,
				5A070DBD240949E4008857E8 /* ViewController.swift */,
				9331623D24127A07002F6996 /* ListViewController.swift */,
				5A070DBF240949E4008857E8 /* Main.storyboard */,
				88DA4CF624216B85009C7FFD /* TableViewCellLabelImage.swift */,
				5A070DC2240949E6008857E8 /* Assets.xcassets */,
				5A070DC4240949E6008857E8 /* LaunchScreen.storyboard */,
				5A070DC7240949E6008857E8 /* Info.plist */,
				93D678BC240D9D5E00ACD63C /* GoogleService-Info.plist */,
			);
			path = FirebaseHelloWorld;
			sourceTree = "<group>";
		};
		93D678C2240DA64100ACD63C /* storage */ = {
			isa = PBXGroup;
			children = (
				93D678C3240DA66F00ACD63C /* CloudStorage.swift */,
			);
			path = storage;
			sourceTree = "<group>";
		};
		93D678C5240DA69900ACD63C /* model */ = {
			isa = PBXGroup;
			children = (
				93D678C6240DA6B400ACD63C /* Note.swift */,
				88DA4CF8242195C8009C7FFD /* Story.swift */,
			);
			path = model;
			sourceTree = "<group>";
		};
		B26ED80C58E38939600C1969 /* Pods */ = {
			isa = PBXGroup;
			children = (
				0A6BCADB3C45C524BBAC9B1D /* Pods-FirebaseHelloWorld.debug.xcconfig */,
				2112692DC67A39D801BC61D1 /* Pods-FirebaseHelloWorld.release.xcconfig */,
			);
			name = Pods;
			sourceTree = "<group>";
		};
/* End PBXGroup section */

/* Begin PBXNativeTarget section */
		5A070DB5240949E3008857E8 /* FirebaseHelloWorld */ = {
			isa = PBXNativeTarget;
			buildConfigurationList = 5A070DCA240949E6008857E8 /* Build configuration list for PBXNativeTarget "FirebaseHelloWorld" */;
			buildPhases = (
				B657B7D76726CFD381220E49 /* [CP] Check Pods Manifest.lock */,
				5A070DB2240949E3008857E8 /* Sources */,
				5A070DB3240949E3008857E8 /* Frameworks */,
				5A070DB4240949E3008857E8 /* Resources */,
				AB10ED33D1C3C463E779165B /* [CP] Embed Pods Frameworks */,
			);
			buildRules = (
			);
			dependencies = (
			);
			name = FirebaseHelloWorld;
			productName = FirebaseHelloWorld;
			productReference = 5A070DB6240949E3008857E8 /* FirebaseHelloWorld.app */;
			productType = "com.apple.product-type.application";
		};
/* End PBXNativeTarget section */

/* Begin PBXProject section */
		5A070DAE240949E3008857E8 /* Project object */ = {
			isa = PBXProject;
			attributes = {
				LastSwiftUpdateCheck = 1130;
				LastUpgradeCheck = 1130;
				ORGANIZATIONNAME = aAron;
				TargetAttributes = {
					5A070DB5240949E3008857E8 = {
						CreatedOnToolsVersion = 11.3.1;
					};
				};
			};
			buildConfigurationList = 5A070DB1240949E3008857E8 /* Build configuration list for PBXProject "FirebaseHelloWorld" */;
			compatibilityVersion = "Xcode 9.3";
			developmentRegion = en;
			hasScannedForEncodings = 0;
			knownRegions = (
				en,
				Base,
			);
			mainGroup = 5A070DAD240949E3008857E8;
			productRefGroup = 5A070DB7240949E3008857E8 /* Products */;
			projectDirPath = "";
			projectRoot = "";
			targets = (
				5A070DB5240949E3008857E8 /* FirebaseHelloWorld */,
			);
		};
/* End PBXProject section */

/* Begin PBXResourcesBuildPhase section */
		5A070DB4240949E3008857E8 /* Resources */ = {
			isa = PBXResourcesBuildPhase;
			buildActionMask = 2147483647;
			files = (
				5A070DC6240949E6008857E8 /* LaunchScreen.storyboard in Resources */,
				93D678BD240D9D5E00ACD63C /* GoogleService-Info.plist in Resources */,
				5A070DC3240949E6008857E8 /* Assets.xcassets in Resources */,
				5A070DC1240949E4008857E8 /* Main.storyboard in Resources */,
			);
			runOnlyForDeploymentPostprocessing = 0;
		};
/* End PBXResourcesBuildPhase section */

/* Begin PBXShellScriptBuildPhase section */
		AB10ED33D1C3C463E779165B /* [CP] Embed Pods Frameworks */ = {
			isa = PBXShellScriptBuildPhase;
			buildActionMask = 2147483647;
			files = (
			);
			inputFileListPaths = (
				"${PODS_ROOT}/Target Support Files/Pods-FirebaseHelloWorld/Pods-FirebaseHelloWorld-frameworks-${CONFIGURATION}-input-files.xcfilelist",
			);
			name = "[CP] Embed Pods Frameworks";
			outputFileListPaths = (
				"${PODS_ROOT}/Target Support Files/Pods-FirebaseHelloWorld/Pods-FirebaseHelloWorld-frameworks-${CONFIGURATION}-output-files.xcfilelist",
			);
			runOnlyForDeploymentPostprocessing = 0;
			shellPath = /bin/sh;
			shellScript = "\"${PODS_ROOT}/Target Support Files/Pods-FirebaseHelloWorld/Pods-FirebaseHelloWorld-frameworks.sh\"\n";
			showEnvVarsInLog = 0;
		};
		B657B7D76726CFD381220E49 /* [CP] Check Pods Manifest.lock */ = {
			isa = PBXShellScriptBuildPhase;
			buildActionMask = 2147483647;
			files = (
			);
			inputPaths = (
				"${PODS_PODFILE_DIR_PATH}/Podfile.lock",
				"${PODS_ROOT}/Manifest.lock",
			);
			name = "[CP] Check Pods Manifest.lock";
			outputPaths = (
				"$(DERIVED_FILE_DIR)/Pods-FirebaseHelloWorld-checkManifestLockResult.txt",
			);
			runOnlyForDeploymentPostprocessing = 0;
			shellPath = /bin/sh;
			shellScript = "diff \"${PODS_PODFILE_DIR_PATH}/Podfile.lock\" \"${PODS_ROOT}/Manifest.lock\" > /dev/null\nif [ $? != 0 ] ; then\n    # print error to STDERR\n    echo \"error: The sandbox is not in sync with the Podfile.lock. Run 'pod install' or update your CocoaPods installation.\" >&2\n    exit 1\nfi\n# This output is used by Xcode 'outputs' to avoid re-running this script phase.\necho \"SUCCESS\" > \"${SCRIPT_OUTPUT_FILE_0}\"\n";
			showEnvVarsInLog = 0;
		};
/* End PBXShellScriptBuildPhase section */

/* Begin PBXSourcesBuildPhase section */
		5A070DB2240949E3008857E8 /* Sources */ = {
			isa = PBXSourcesBuildPhase;
			buildActionMask = 2147483647;
			files = (
				BB1207162419209500C97C9D /* CameraHandler.swift in Sources */,
				93D678C7240DA6B400ACD63C /* Note.swift in Sources */,
				5A070DBE240949E4008857E8 /* ViewController.swift in Sources */,
				9331623E24127A07002F6996 /* ListViewController.swift in Sources */,
				93D678C4240DA66F00ACD63C /* CloudStorage.swift in Sources */,
				5A070DBA240949E4008857E8 /* AppDelegate.swift in Sources */,
				88DA4CF724216B85009C7FFD /* TableViewCellLabelImage.swift in Sources */,
				5A070DBC240949E4008857E8 /* SceneDelegate.swift in Sources */,
				88DA4CF9242195C8009C7FFD /* Story.swift in Sources */,
			);
			runOnlyForDeploymentPostprocessing = 0;
		};
/* End PBXSourcesBuildPhase section */

/* Begin PBXVariantGroup section */
		5A070DBF240949E4008857E8 /* Main.storyboard */ = {
			isa = PBXVariantGroup;
			children = (
				5A070DC0240949E4008857E8 /* Base */,
			);
			name = Main.storyboard;
			sourceTree = "<group>";
		};
		5A070DC4240949E6008857E8 /* LaunchScreen.storyboard */ = {
			isa = PBXVariantGroup;
			children = (
				5A070DC5240949E6008857E8 /* Base */,
			);
			name = LaunchScreen.storyboard;
			sourceTree = "<group>";
		};
/* End PBXVariantGroup section */

/* Begin XCBuildConfiguration section */
		5A070DC8240949E6008857E8 /* Debug */ = {
			isa = XCBuildConfiguration;
			buildSettings = {
				ALWAYS_SEARCH_USER_PATHS = NO;
				CLANG_ANALYZER_NONNULL = YES;
				CLANG_ANALYZER_NUMBER_OBJECT_CONVERSION = YES_AGGRESSIVE;
				CLANG_CXX_LANGUAGE_STANDARD = "gnu++14";
				CLANG_CXX_LIBRARY = "libc++";
				CLANG_ENABLE_MODULES = YES;
				CLANG_ENABLE_OBJC_ARC = YES;
				CLANG_ENABLE_OBJC_WEAK = YES;
				CLANG_WARN_BLOCK_CAPTURE_AUTORELEASING = YES;
				CLANG_WARN_BOOL_CONVERSION = YES;
				CLANG_WARN_COMMA = YES;
				CLANG_WARN_CONSTANT_CONVERSION = YES;
				CLANG_WARN_DEPRECATED_OBJC_IMPLEMENTATIONS = YES;
				CLANG_WARN_DIRECT_OBJC_ISA_USAGE = YES_ERROR;
				CLANG_WARN_DOCUMENTATION_COMMENTS = YES;
				CLANG_WARN_EMPTY_BODY = YES;
				CLANG_WARN_ENUM_CONVERSION = YES;
				CLANG_WARN_INFINITE_RECURSION = YES;
				CLANG_WARN_INT_CONVERSION = YES;
				CLANG_WARN_NON_LITERAL_NULL_CONVERSION = YES;
				CLANG_WARN_OBJC_IMPLICIT_RETAIN_SELF = YES;
				CLANG_WARN_OBJC_LITERAL_CONVERSION = YES;
				CLANG_WARN_OBJC_ROOT_CLASS = YES_ERROR;
				CLANG_WARN_RANGE_LOOP_ANALYSIS = YES;
				CLANG_WARN_STRICT_PROTOTYPES = YES;
				CLANG_WARN_SUSPICIOUS_MOVE = YES;
				CLANG_WARN_UNGUARDED_AVAILABILITY = YES_AGGRESSIVE;
				CLANG_WARN_UNREACHABLE_CODE = YES;
				CLANG_WARN__DUPLICATE_METHOD_MATCH = YES;
				COPY_PHASE_STRIP = NO;
				DEBUG_INFORMATION_FORMAT = dwarf;
				ENABLE_STRICT_OBJC_MSGSEND = YES;
				ENABLE_TESTABILITY = YES;
				GCC_C_LANGUAGE_STANDARD = gnu11;
				GCC_DYNAMIC_NO_PIC = NO;
				GCC_NO_COMMON_BLOCKS = YES;
				GCC_OPTIMIZATION_LEVEL = 0;
				GCC_PREPROCESSOR_DEFINITIONS = (
					"DEBUG=1",
					"$(inherited)",
				);
				GCC_WARN_64_TO_32_BIT_CONVERSION = YES;
				GCC_WARN_ABOUT_RETURN_TYPE = YES_ERROR;
				GCC_WARN_UNDECLARED_SELECTOR = YES;
				GCC_WARN_UNINITIALIZED_AUTOS = YES_AGGRESSIVE;
				GCC_WARN_UNUSED_FUNCTION = YES;
				GCC_WARN_UNUSED_VARIABLE = YES;
				IPHONEOS_DEPLOYMENT_TARGET = 13.2;
				MTL_ENABLE_DEBUG_INFO = INCLUDE_SOURCE;
				MTL_FAST_MATH = YES;
				ONLY_ACTIVE_ARCH = YES;
				SDKROOT = iphoneos;
				SWIFT_ACTIVE_COMPILATION_CONDITIONS = DEBUG;
				SWIFT_OPTIMIZATION_LEVEL = "-Onone";
			};
			name = Debug;
		};
		5A070DC9240949E6008857E8 /* Release */ = {
			isa = XCBuildConfiguration;
			buildSettings = {
				ALWAYS_SEARCH_USER_PATHS = NO;
				CLANG_ANALYZER_NONNULL = YES;
				CLANG_ANALYZER_NUMBER_OBJECT_CONVERSION = YES_AGGRESSIVE;
				CLANG_CXX_LANGUAGE_STANDARD = "gnu++14";
				CLANG_CXX_LIBRARY = "libc++";
				CLANG_ENABLE_MODULES = YES;
				CLANG_ENABLE_OBJC_ARC = YES;
				CLANG_ENABLE_OBJC_WEAK = YES;
				CLANG_WARN_BLOCK_CAPTURE_AUTORELEASING = YES;
				CLANG_WARN_BOOL_CONVERSION = YES;
				CLANG_WARN_COMMA = YES;
				CLANG_WARN_CONSTANT_CONVERSION = YES;
				CLANG_WARN_DEPRECATED_OBJC_IMPLEMENTATIONS = YES;
				CLANG_WARN_DIRECT_OBJC_ISA_USAGE = YES_ERROR;
				CLANG_WARN_DOCUMENTATION_COMMENTS = YES;
				CLANG_WARN_EMPTY_BODY = YES;
				CLANG_WARN_ENUM_CONVERSION = YES;
				CLANG_WARN_INFINITE_RECURSION = YES;
				CLANG_WARN_INT_CONVERSION = YES;
				CLANG_WARN_NON_LITERAL_NULL_CONVERSION = YES;
				CLANG_WARN_OBJC_IMPLICIT_RETAIN_SELF = YES;
				CLANG_WARN_OBJC_LITERAL_CONVERSION = YES;
				CLANG_WARN_OBJC_ROOT_CLASS = YES_ERROR;
				CLANG_WARN_RANGE_LOOP_ANALYSIS = YES;
				CLANG_WARN_STRICT_PROTOTYPES = YES;
				CLANG_WARN_SUSPICIOUS_MOVE = YES;
				CLANG_WARN_UNGUARDED_AVAILABILITY = YES_AGGRESSIVE;
				CLANG_WARN_UNREACHABLE_CODE = YES;
				CLANG_WARN__DUPLICATE_METHOD_MATCH = YES;
				COPY_PHASE_STRIP = NO;
				DEBUG_INFORMATION_FORMAT = "dwarf-with-dsym";
				ENABLE_NS_ASSERTIONS = NO;
				ENABLE_STRICT_OBJC_MSGSEND = YES;
				GCC_C_LANGUAGE_STANDARD = gnu11;
				GCC_NO_COMMON_BLOCKS = YES;
				GCC_WARN_64_TO_32_BIT_CONVERSION = YES;
				GCC_WARN_ABOUT_RETURN_TYPE = YES_ERROR;
				GCC_WARN_UNDECLARED_SELECTOR = YES;
				GCC_WARN_UNINITIALIZED_AUTOS = YES_AGGRESSIVE;
				GCC_WARN_UNUSED_FUNCTION = YES;
				GCC_WARN_UNUSED_VARIABLE = YES;
				IPHONEOS_DEPLOYMENT_TARGET = 13.2;
				MTL_ENABLE_DEBUG_INFO = NO;
				MTL_FAST_MATH = YES;
				SDKROOT = iphoneos;
				SWIFT_COMPILATION_MODE = wholemodule;
				SWIFT_OPTIMIZATION_LEVEL = "-O";
				VALIDATE_PRODUCT = YES;
			};
			name = Release;
		};
		5A070DCB240949E6008857E8 /* Debug */ = {
			isa = XCBuildConfiguration;
			baseConfigurationReference = 0A6BCADB3C45C524BBAC9B1D /* Pods-FirebaseHelloWorld.debug.xcconfig */;
			buildSettings = {
				ASSETCATALOG_COMPILER_APPICON_NAME = AppIcon;
				CODE_SIGN_STYLE = Automatic;
				DEVELOPMENT_TEAM = JFY68PX389;
				INFOPLIST_FILE = FirebaseHelloWorld/Info.plist;
				LD_RUNPATH_SEARCH_PATHS = (
					"$(inherited)",
					"@executable_path/Frameworks",
				);
				PRODUCT_BUNDLE_IDENTIFIER = dk.kea.dat18.ios.FirebaseHelloWorld;
				PRODUCT_NAME = "$(TARGET_NAME)";
				SWIFT_VERSION = 5.0;
				TARGETED_DEVICE_FAMILY = "1,2";
			};
			name = Debug;
		};
		5A070DCC240949E6008857E8 /* Release */ = {
			isa = XCBuildConfiguration;
			baseConfigurationReference = 2112692DC67A39D801BC61D1 /* Pods-FirebaseHelloWorld.release.xcconfig */;
			buildSettings = {
				ASSETCATALOG_COMPILER_APPICON_NAME = AppIcon;
				CODE_SIGN_STYLE = Automatic;
				DEVELOPMENT_TEAM = JFY68PX389;
				INFOPLIST_FILE = FirebaseHelloWorld/Info.plist;
				LD_RUNPATH_SEARCH_PATHS = (
					"$(inherited)",
					"@executable_path/Frameworks",
				);
				PRODUCT_BUNDLE_IDENTIFIER = dk.kea.dat18.ios.FirebaseHelloWorld;
				PRODUCT_NAME = "$(TARGET_NAME)";
				SWIFT_VERSION = 5.0;
				TARGETED_DEVICE_FAMILY = "1,2";
			};
			name = Release;
		};
/* End XCBuildConfiguration section */

/* Begin XCConfigurationList section */
		5A070DB1240949E3008857E8 /* Build configuration list for PBXProject "FirebaseHelloWorld" */ = {
			isa = XCConfigurationList;
			buildConfigurations = (
				5A070DC8240949E6008857E8 /* Debug */,
				5A070DC9240949E6008857E8 /* Release */,
			);
			defaultConfigurationIsVisible = 0;
			defaultConfigurationName = Release;
		};
		5A070DCA240949E6008857E8 /* Build configuration list for PBXNativeTarget "FirebaseHelloWorld" */ = {
			isa = XCConfigurationList;
			buildConfigurations = (
				5A070DCB240949E6008857E8 /* Debug */,
				5A070DCC240949E6008857E8 /* Release */,
			);
			defaultConfigurationIsVisible = 0;
			defaultConfigurationName = Release;
		};
/* End XCConfigurationList section */
	};
	rootObject = 5A070DAE240949E3008857E8 /* Project object */;
}
